// !$*UTF8*$!
{
	archiveVersion = 1;
	classes = {
	};
	objectVersion = 56;
	objects = {

/* Begin PBXBuildFile section */
		4707DEC12D2745FE00D7DF1C /* AuthViewController.swift in Sources */ = {isa = PBXBuildFile; fileRef = 4707DEC02D2745FE00D7DF1C /* AuthViewController.swift */; };
		4707DEC32D274DAE00D7DF1C /* WebViewViewController.swift in Sources */ = {isa = PBXBuildFile; fileRef = 4707DEC22D274DAE00D7DF1C /* WebViewViewController.swift */; };
		471E871D2D31D08800E82482 /* OAuth2TokenStorage.swift in Sources */ = {isa = PBXBuildFile; fileRef = 471E871C2D31D08800E82482 /* OAuth2TokenStorage.swift */; };
		4723E9A52CF22493007E2C1D /* SF-Pro-Regular.ttf in Resources */ = {isa = PBXBuildFile; fileRef = 4723E9A42CF22493007E2C1D /* SF-Pro-Regular.ttf */; };
		4723E9A72CF22564007E2C1D /* SF-Pro-Bold.otf in Resources */ = {isa = PBXBuildFile; fileRef = 4723E9A62CF22564007E2C1D /* SF-Pro-Bold.otf */; };
		4723E9A92CF22953007E2C1D /* customFonts.swift in Sources */ = {isa = PBXBuildFile; fileRef = 4723E9A82CF22953007E2C1D /* customFonts.swift */; };
		4737AEA92D02CDEE0096A5EC /* Constants.swift in Sources */ = {isa = PBXBuildFile; fileRef = 4737AEA82D02CDEE0096A5EC /* Constants.swift */; };
		475DC05E2CA1D18600D4F59F /* AppDelegate.swift in Sources */ = {isa = PBXBuildFile; fileRef = 475DC05D2CA1D18600D4F59F /* AppDelegate.swift */; };
		475DC0602CA1D18600D4F59F /* SceneDelegate.swift in Sources */ = {isa = PBXBuildFile; fileRef = 475DC05F2CA1D18600D4F59F /* SceneDelegate.swift */; };
		475DC0622CA1D18600D4F59F /* ImagesListViewController.swift in Sources */ = {isa = PBXBuildFile; fileRef = 475DC0612CA1D18600D4F59F /* ImagesListViewController.swift */; };
		475DC0652CA1D18600D4F59F /* Main.storyboard in Resources */ = {isa = PBXBuildFile; fileRef = 475DC0632CA1D18600D4F59F /* Main.storyboard */; };
		475DC0672CA1D18A00D4F59F /* Assets.xcassets in Resources */ = {isa = PBXBuildFile; fileRef = 475DC0662CA1D18A00D4F59F /* Assets.xcassets */; };
		475DC06A2CA1D18A00D4F59F /* LaunchScreen.storyboard in Resources */ = {isa = PBXBuildFile; fileRef = 475DC0682CA1D18A00D4F59F /* LaunchScreen.storyboard */; };
		477DC39C2D285A1F0040BEDE /* WebViewViewControllerDelegateProtocol.swift in Sources */ = {isa = PBXBuildFile; fileRef = 477DC39B2D285A1F0040BEDE /* WebViewViewControllerDelegateProtocol.swift */; };
		477DC3C22D2C7B330040BEDE /* OAuth2Service.swift in Sources */ = {isa = PBXBuildFile; fileRef = 477DC3C12D2C7B330040BEDE /* OAuth2Service.swift */; };
		477DC3C42D303BD80040BEDE /* URLSession+data.swift in Sources */ = {isa = PBXBuildFile; fileRef = 477DC3C32D303BD80040BEDE /* URLSession+data.swift */; };
		478EA51A2CCB70490024B029 /* ProfileViewController.swift in Sources */ = {isa = PBXBuildFile; fileRef = 478EA5192CCB70490024B029 /* ProfileViewController.swift */; };
		478EA51C2CCE1F390024B029 /* SingleImageViewController.swift in Sources */ = {isa = PBXBuildFile; fileRef = 478EA51B2CCE1F390024B029 /* SingleImageViewController.swift */; };
		479E056D2CA53A2900027F08 /* ImagesListCell.swift in Sources */ = {isa = PBXBuildFile; fileRef = 479E056C2CA53A2900027F08 /* ImagesListCell.swift */; };
		47DA063F2D3478BF00241EF4 /* SplashViewController.swift in Sources */ = {isa = PBXBuildFile; fileRef = 47DA063E2D3478BF00241EF4 /* SplashViewController.swift */; };
/* End PBXBuildFile section */

/* Begin PBXFileReference section */
		4707DEC02D2745FE00D7DF1C /* AuthViewController.swift */ = {isa = PBXFileReference; lastKnownFileType = sourcecode.swift; path = AuthViewController.swift; sourceTree = "<group>"; };
		4707DEC22D274DAE00D7DF1C /* WebViewViewController.swift */ = {isa = PBXFileReference; lastKnownFileType = sourcecode.swift; path = WebViewViewController.swift; sourceTree = "<group>"; };
		471E871C2D31D08800E82482 /* OAuth2TokenStorage.swift */ = {isa = PBXFileReference; lastKnownFileType = sourcecode.swift; path = OAuth2TokenStorage.swift; sourceTree = "<group>"; };
		4723E9A42CF22493007E2C1D /* SF-Pro-Regular.ttf */ = {isa = PBXFileReference; lastKnownFileType = file; path = "SF-Pro-Regular.ttf"; sourceTree = "<group>"; };
		4723E9A62CF22564007E2C1D /* SF-Pro-Bold.otf */ = {isa = PBXFileReference; lastKnownFileType = file; path = "SF-Pro-Bold.otf"; sourceTree = "<group>"; };
		4723E9A82CF22953007E2C1D /* customFonts.swift */ = {isa = PBXFileReference; lastKnownFileType = sourcecode.swift; path = customFonts.swift; sourceTree = "<group>"; };
		4737AEA82D02CDEE0096A5EC /* Constants.swift */ = {isa = PBXFileReference; lastKnownFileType = sourcecode.swift; path = Constants.swift; sourceTree = "<group>"; };
		475DC05A2CA1D18600D4F59F /* ImageFeed.app */ = {isa = PBXFileReference; explicitFileType = wrapper.application; includeInIndex = 0; path = ImageFeed.app; sourceTree = BUILT_PRODUCTS_DIR; };
		475DC05D2CA1D18600D4F59F /* AppDelegate.swift */ = {isa = PBXFileReference; lastKnownFileType = sourcecode.swift; path = AppDelegate.swift; sourceTree = "<group>"; };
		475DC05F2CA1D18600D4F59F /* SceneDelegate.swift */ = {isa = PBXFileReference; lastKnownFileType = sourcecode.swift; path = SceneDelegate.swift; sourceTree = "<group>"; };
		475DC0612CA1D18600D4F59F /* ImagesListViewController.swift */ = {isa = PBXFileReference; lastKnownFileType = sourcecode.swift; path = ImagesListViewController.swift; sourceTree = "<group>"; };
		475DC0642CA1D18600D4F59F /* Base */ = {isa = PBXFileReference; lastKnownFileType = file.storyboard; name = Base; path = Base.lproj/Main.storyboard; sourceTree = "<group>"; };
		475DC0662CA1D18A00D4F59F /* Assets.xcassets */ = {isa = PBXFileReference; lastKnownFileType = folder.assetcatalog; path = Assets.xcassets; sourceTree = "<group>"; };
		475DC0692CA1D18A00D4F59F /* Base */ = {isa = PBXFileReference; lastKnownFileType = file.storyboard; name = Base; path = Base.lproj/LaunchScreen.storyboard; sourceTree = "<group>"; };
		475DC06B2CA1D18A00D4F59F /* Info.plist */ = {isa = PBXFileReference; lastKnownFileType = text.plist.xml; path = Info.plist; sourceTree = "<group>"; };
		477DC39B2D285A1F0040BEDE /* WebViewViewControllerDelegateProtocol.swift */ = {isa = PBXFileReference; lastKnownFileType = sourcecode.swift; path = WebViewViewControllerDelegateProtocol.swift; sourceTree = "<group>"; };
		477DC3C12D2C7B330040BEDE /* OAuth2Service.swift */ = {isa = PBXFileReference; lastKnownFileType = sourcecode.swift; path = OAuth2Service.swift; sourceTree = "<group>"; };
		477DC3C32D303BD80040BEDE /* URLSession+data.swift */ = {isa = PBXFileReference; lastKnownFileType = sourcecode.swift; path = "URLSession+data.swift"; sourceTree = "<group>"; };
		478EA5192CCB70490024B029 /* ProfileViewController.swift */ = {isa = PBXFileReference; lastKnownFileType = sourcecode.swift; path = ProfileViewController.swift; sourceTree = "<group>"; };
		478EA51B2CCE1F390024B029 /* SingleImageViewController.swift */ = {isa = PBXFileReference; lastKnownFileType = sourcecode.swift; path = SingleImageViewController.swift; sourceTree = "<group>"; };
		479E056C2CA53A2900027F08 /* ImagesListCell.swift */ = {isa = PBXFileReference; lastKnownFileType = sourcecode.swift; path = ImagesListCell.swift; sourceTree = "<group>"; };
		47DA063E2D3478BF00241EF4 /* SplashViewController.swift */ = {isa = PBXFileReference; lastKnownFileType = sourcecode.swift; path = SplashViewController.swift; sourceTree = "<group>"; };
/* End PBXFileReference section */

/* Begin PBXFrameworksBuildPhase section */
		475DC0572CA1D18600D4F59F /* Frameworks */ = {
			isa = PBXFrameworksBuildPhase;
			buildActionMask = 2147483647;
			files = (
			);
			runOnlyForDeploymentPostprocessing = 0;
		};
/* End PBXFrameworksBuildPhase section */

/* Begin PBXGroup section */
		4707DEBF2D2745E500D7DF1C /* Auth */ = {
			isa = PBXGroup;
			children = (
				4707DEC02D2745FE00D7DF1C /* AuthViewController.swift */,
				4707DEC22D274DAE00D7DF1C /* WebViewViewController.swift */,
				477DC39B2D285A1F0040BEDE /* WebViewViewControllerDelegateProtocol.swift */,
				477DC3C12D2C7B330040BEDE /* OAuth2Service.swift */,
				477DC3C32D303BD80040BEDE /* URLSession+data.swift */,
				471E871C2D31D08800E82482 /* OAuth2TokenStorage.swift */,
			);
			path = Auth;
			sourceTree = "<group>";
		};
		4723E9A12CF223DF007E2C1D /* Fonts */ = {
			isa = PBXGroup;
			children = (
				4723E9A62CF22564007E2C1D /* SF-Pro-Bold.otf */,
				4723E9A42CF22493007E2C1D /* SF-Pro-Regular.ttf */,
				4723E9A82CF22953007E2C1D /* customFonts.swift */,
			);
			path = Fonts;
			sourceTree = "<group>";
		};
		475CAD6F2CB91D1D00A99EEA /* Resources */ = {
			isa = PBXGroup;
			children = (
				4723E9A12CF223DF007E2C1D /* Fonts */,
				475DC0682CA1D18A00D4F59F /* LaunchScreen.storyboard */,
				475DC0662CA1D18A00D4F59F /* Assets.xcassets */,
			);
			path = Resources;
			sourceTree = "<group>";
		};
		475DC0512CA1D18600D4F59F = {
			isa = PBXGroup;
			children = (
				475DC05C2CA1D18600D4F59F /* ImageFeed */,
				475DC05B2CA1D18600D4F59F /* Products */,
			);
			sourceTree = "<group>";
		};
		475DC05B2CA1D18600D4F59F /* Products */ = {
			isa = PBXGroup;
			children = (
				475DC05A2CA1D18600D4F59F /* ImageFeed.app */,
			);
			name = Products;
			sourceTree = "<group>";
		};
		475DC05C2CA1D18600D4F59F /* ImageFeed */ = {
			isa = PBXGroup;
			children = (
				4737AEA82D02CDEE0096A5EC /* Constants.swift */,
				479D93D82D352BED007DC2E2 /* SplashViewController */,
				4707DEBF2D2745E500D7DF1C /* Auth */,
				479E056E2CA53A6E00027F08 /* ImagesList */,
				478EA51D2CCE236F0024B029 /* SingleImageViewController */,
				478EA5182CCB70110024B029 /* Profile */,
				475DC05D2CA1D18600D4F59F /* AppDelegate.swift */,
				475DC05F2CA1D18600D4F59F /* SceneDelegate.swift */,
				475DC0632CA1D18600D4F59F /* Main.storyboard */,
				475DC06B2CA1D18A00D4F59F /* Info.plist */,
				475CAD6F2CB91D1D00A99EEA /* Resources */,
			);
			path = ImageFeed;
			sourceTree = "<group>";
		};
		478EA5182CCB70110024B029 /* Profile */ = {
			isa = PBXGroup;
			children = (
				478EA5192CCB70490024B029 /* ProfileViewController.swift */,
			);
			path = Profile;
			sourceTree = "<group>";
		};
		478EA51D2CCE236F0024B029 /* SingleImageViewController */ = {
			isa = PBXGroup;
			children = (
				478EA51B2CCE1F390024B029 /* SingleImageViewController.swift */,
			);
			path = SingleImageViewController;
			sourceTree = "<group>";
		};
		479D93D82D352BED007DC2E2 /* SplashViewController */ = {
			isa = PBXGroup;
			children = (
				47DA063E2D3478BF00241EF4 /* SplashViewController.swift */,
			);
			path = SplashViewController;
			sourceTree = "<group>";
		};
		479E056E2CA53A6E00027F08 /* ImagesList */ = {
			isa = PBXGroup;
			children = (
				479E056C2CA53A2900027F08 /* ImagesListCell.swift */,
				475DC0612CA1D18600D4F59F /* ImagesListViewController.swift */,
			);
			path = ImagesList;
			sourceTree = "<group>";
		};
/* End PBXGroup section */

/* Begin PBXNativeTarget section */
		475DC0592CA1D18600D4F59F /* ImageFeed */ = {
			isa = PBXNativeTarget;
			buildConfigurationList = 475DC06E2CA1D18A00D4F59F /* Build configuration list for PBXNativeTarget "ImageFeed" */;
			buildPhases = (
				475DC0562CA1D18600D4F59F /* Sources */,
				475DC0572CA1D18600D4F59F /* Frameworks */,
				475DC0582CA1D18600D4F59F /* Resources */,
			);
			buildRules = (
			);
			dependencies = (
			);
			name = ImageFeed;
			productName = ImageFeed;
			productReference = 475DC05A2CA1D18600D4F59F /* ImageFeed.app */;
			productType = "com.apple.product-type.application";
		};
/* End PBXNativeTarget section */

/* Begin PBXProject section */
		475DC0522CA1D18600D4F59F /* Project object */ = {
			isa = PBXProject;
			attributes = {
				BuildIndependentTargetsInParallel = 1;
				LastSwiftUpdateCheck = 1420;
				LastUpgradeCheck = 1420;
				TargetAttributes = {
					475DC0592CA1D18600D4F59F = {
						CreatedOnToolsVersion = 14.2;
					};
				};
			};
			buildConfigurationList = 475DC0552CA1D18600D4F59F /* Build configuration list for PBXProject "ImageFeed" */;
			compatibilityVersion = "Xcode 14.0";
			developmentRegion = en;
			hasScannedForEncodings = 0;
			knownRegions = (
				en,
				Base,
			);
			mainGroup = 475DC0512CA1D18600D4F59F;
			productRefGroup = 475DC05B2CA1D18600D4F59F /* Products */;
			projectDirPath = "";
			projectRoot = "";
			targets = (
				475DC0592CA1D18600D4F59F /* ImageFeed */,
			);
		};
/* End PBXProject section */

/* Begin PBXResourcesBuildPhase section */
		475DC0582CA1D18600D4F59F /* Resources */ = {
			isa = PBXResourcesBuildPhase;
			buildActionMask = 2147483647;
			files = (
				475DC06A2CA1D18A00D4F59F /* LaunchScreen.storyboard in Resources */,
				4723E9A72CF22564007E2C1D /* SF-Pro-Bold.otf in Resources */,
				475DC0672CA1D18A00D4F59F /* Assets.xcassets in Resources */,
				475DC0652CA1D18600D4F59F /* Main.storyboard in Resources */,
				4723E9A52CF22493007E2C1D /* SF-Pro-Regular.ttf in Resources */,
			);
			runOnlyForDeploymentPostprocessing = 0;
		};
/* End PBXResourcesBuildPhase section */

/* Begin PBXSourcesBuildPhase section */
		475DC0562CA1D18600D4F59F /* Sources */ = {
			isa = PBXSourcesBuildPhase;
			buildActionMask = 2147483647;
			files = (
				4707DEC32D274DAE00D7DF1C /* WebViewViewController.swift in Sources */,
				477DC3C42D303BD80040BEDE /* URLSession+data.swift in Sources */,
				475DC0622CA1D18600D4F59F /* ImagesListViewController.swift in Sources */,
				477DC3C22D2C7B330040BEDE /* OAuth2Service.swift in Sources */,
				479E056D2CA53A2900027F08 /* ImagesListCell.swift in Sources */,
				478EA51A2CCB70490024B029 /* ProfileViewController.swift in Sources */,
				471E871D2D31D08800E82482 /* OAuth2TokenStorage.swift in Sources */,
				475DC05E2CA1D18600D4F59F /* AppDelegate.swift in Sources */,
				4723E9A92CF22953007E2C1D /* customFonts.swift in Sources */,
				47DA063F2D3478BF00241EF4 /* SplashViewController.swift in Sources */,
				478EA51C2CCE1F390024B029 /* SingleImageViewController.swift in Sources */,
				477DC39C2D285A1F0040BEDE /* WebViewViewControllerDelegateProtocol.swift in Sources */,
				475DC0602CA1D18600D4F59F /* SceneDelegate.swift in Sources */,
				4707DEC12D2745FE00D7DF1C /* AuthViewController.swift in Sources */,
				4737AEA92D02CDEE0096A5EC /* Constants.swift in Sources */,
			);
			runOnlyForDeploymentPostprocessing = 0;
		};
/* End PBXSourcesBuildPhase section */

/* Begin PBXVariantGroup section */
		475DC0632CA1D18600D4F59F /* Main.storyboard */ = {
			isa = PBXVariantGroup;
			children = (
				475DC0642CA1D18600D4F59F /* Base */,
			);
			name = Main.storyboard;
			sourceTree = "<group>";
		};
		475DC0682CA1D18A00D4F59F /* LaunchScreen.storyboard */ = {
			isa = PBXVariantGroup;
			children = (
				475DC0692CA1D18A00D4F59F /* Base */,
			);
			name = LaunchScreen.storyboard;
			sourceTree = "<group>";
		};
/* End PBXVariantGroup section */

/* Begin XCBuildConfiguration section */
		475DC06C2CA1D18A00D4F59F /* Debug */ = {
			isa = XCBuildConfiguration;
			buildSettings = {
				ALWAYS_SEARCH_USER_PATHS = NO;
				CLANG_ANALYZER_NONNULL = YES;
				CLANG_ANALYZER_NUMBER_OBJECT_CONVERSION = YES_AGGRESSIVE;
				CLANG_CXX_LANGUAGE_STANDARD = "gnu++20";
				CLANG_ENABLE_MODULES = YES;
				CLANG_ENABLE_OBJC_ARC = YES;
				CLANG_ENABLE_OBJC_WEAK = YES;
				CLANG_WARN_BLOCK_CAPTURE_AUTORELEASING = YES;
				CLANG_WARN_BOOL_CONVERSION = YES;
				CLANG_WARN_COMMA = YES;
				CLANG_WARN_CONSTANT_CONVERSION = YES;
				CLANG_WARN_DEPRECATED_OBJC_IMPLEMENTATIONS = YES;
				CLANG_WARN_DIRECT_OBJC_ISA_USAGE = YES_ERROR;
				CLANG_WARN_DOCUMENTATION_COMMENTS = YES;
				CLANG_WARN_EMPTY_BODY = YES;
				CLANG_WARN_ENUM_CONVERSION = YES;
				CLANG_WARN_INFINITE_RECURSION = YES;
				CLANG_WARN_INT_CONVERSION = YES;
				CLANG_WARN_NON_LITERAL_NULL_CONVERSION = YES;
				CLANG_WARN_OBJC_IMPLICIT_RETAIN_SELF = YES;
				CLANG_WARN_OBJC_LITERAL_CONVERSION = YES;
				CLANG_WARN_OBJC_ROOT_CLASS = YES_ERROR;
				CLANG_WARN_QUOTED_INCLUDE_IN_FRAMEWORK_HEADER = YES;
				CLANG_WARN_RANGE_LOOP_ANALYSIS = YES;
				CLANG_WARN_STRICT_PROTOTYPES = YES;
				CLANG_WARN_SUSPICIOUS_MOVE = YES;
				CLANG_WARN_UNGUARDED_AVAILABILITY = YES_AGGRESSIVE;
				CLANG_WARN_UNREACHABLE_CODE = YES;
				CLANG_WARN__DUPLICATE_METHOD_MATCH = YES;
				COPY_PHASE_STRIP = NO;
				DEBUG_INFORMATION_FORMAT = dwarf;
				ENABLE_STRICT_OBJC_MSGSEND = YES;
				ENABLE_TESTABILITY = YES;
				GCC_C_LANGUAGE_STANDARD = gnu11;
				GCC_DYNAMIC_NO_PIC = NO;
				GCC_NO_COMMON_BLOCKS = YES;
				GCC_OPTIMIZATION_LEVEL = 0;
				GCC_PREPROCESSOR_DEFINITIONS = (
					"DEBUG=1",
					"$(inherited)",
				);
				GCC_WARN_64_TO_32_BIT_CONVERSION = YES;
				GCC_WARN_ABOUT_RETURN_TYPE = YES_ERROR;
				GCC_WARN_UNDECLARED_SELECTOR = YES;
				GCC_WARN_UNINITIALIZED_AUTOS = YES_AGGRESSIVE;
				GCC_WARN_UNUSED_FUNCTION = YES;
				GCC_WARN_UNUSED_VARIABLE = YES;
				IPHONEOS_DEPLOYMENT_TARGET = 16.2;
				MTL_ENABLE_DEBUG_INFO = INCLUDE_SOURCE;
				MTL_FAST_MATH = YES;
				ONLY_ACTIVE_ARCH = YES;
				SDKROOT = iphoneos;
				SWIFT_ACTIVE_COMPILATION_CONDITIONS = DEBUG;
				SWIFT_OPTIMIZATION_LEVEL = "-Onone";
			};
			name = Debug;
		};
		475DC06D2CA1D18A00D4F59F /* Release */ = {
			isa = XCBuildConfiguration;
			buildSettings = {
				ALWAYS_SEARCH_USER_PATHS = NO;
				CLANG_ANALYZER_NONNULL = YES;
				CLANG_ANALYZER_NUMBER_OBJECT_CONVERSION = YES_AGGRESSIVE;
				CLANG_CXX_LANGUAGE_STANDARD = "gnu++20";
				CLANG_ENABLE_MODULES = YES;
				CLANG_ENABLE_OBJC_ARC = YES;
				CLANG_ENABLE_OBJC_WEAK = YES;
				CLANG_WARN_BLOCK_CAPTURE_AUTORELEASING = YES;
				CLANG_WARN_BOOL_CONVERSION = YES;
				CLANG_WARN_COMMA = YES;
				CLANG_WARN_CONSTANT_CONVERSION = YES;
				CLANG_WARN_DEPRECATED_OBJC_IMPLEMENTATIONS = YES;
				CLANG_WARN_DIRECT_OBJC_ISA_USAGE = YES_ERROR;
				CLANG_WARN_DOCUMENTATION_COMMENTS = YES;
				CLANG_WARN_EMPTY_BODY = YES;
				CLANG_WARN_ENUM_CONVERSION = YES;
				CLANG_WARN_INFINITE_RECURSION = YES;
				CLANG_WARN_INT_CONVERSION = YES;
				CLANG_WARN_NON_LITERAL_NULL_CONVERSION = YES;
				CLANG_WARN_OBJC_IMPLICIT_RETAIN_SELF = YES;
				CLANG_WARN_OBJC_LITERAL_CONVERSION = YES;
				CLANG_WARN_OBJC_ROOT_CLASS = YES_ERROR;
				CLANG_WARN_QUOTED_INCLUDE_IN_FRAMEWORK_HEADER = YES;
				CLANG_WARN_RANGE_LOOP_ANALYSIS = YES;
				CLANG_WARN_STRICT_PROTOTYPES = YES;
				CLANG_WARN_SUSPICIOUS_MOVE = YES;
				CLANG_WARN_UNGUARDED_AVAILABILITY = YES_AGGRESSIVE;
				CLANG_WARN_UNREACHABLE_CODE = YES;
				CLANG_WARN__DUPLICATE_METHOD_MATCH = YES;
				COPY_PHASE_STRIP = NO;
				DEBUG_INFORMATION_FORMAT = "dwarf-with-dsym";
				ENABLE_NS_ASSERTIONS = NO;
				ENABLE_STRICT_OBJC_MSGSEND = YES;
				GCC_C_LANGUAGE_STANDARD = gnu11;
				GCC_NO_COMMON_BLOCKS = YES;
				GCC_WARN_64_TO_32_BIT_CONVERSION = YES;
				GCC_WARN_ABOUT_RETURN_TYPE = YES_ERROR;
				GCC_WARN_UNDECLARED_SELECTOR = YES;
				GCC_WARN_UNINITIALIZED_AUTOS = YES_AGGRESSIVE;
				GCC_WARN_UNUSED_FUNCTION = YES;
				GCC_WARN_UNUSED_VARIABLE = YES;
				IPHONEOS_DEPLOYMENT_TARGET = 16.2;
				MTL_ENABLE_DEBUG_INFO = NO;
				MTL_FAST_MATH = YES;
				SDKROOT = iphoneos;
				SWIFT_COMPILATION_MODE = wholemodule;
				SWIFT_OPTIMIZATION_LEVEL = "-O";
				VALIDATE_PRODUCT = YES;
			};
			name = Release;
		};
		475DC06F2CA1D18A00D4F59F /* Debug */ = {
			isa = XCBuildConfiguration;
			buildSettings = {
				ASSETCATALOG_COMPILER_APPICON_NAME = AppIcon;
				ASSETCATALOG_COMPILER_GLOBAL_ACCENT_COLOR_NAME = AccentColor;
				CODE_SIGN_STYLE = Automatic;
				CURRENT_PROJECT_VERSION = 1;
				DEVELOPMENT_TEAM = C2QR6HQR3P;
				GENERATE_INFOPLIST_FILE = YES;
				INFOPLIST_FILE = ImageFeed/Info.plist;
				INFOPLIST_KEY_UIApplicationSupportsIndirectInputEvents = YES;
				INFOPLIST_KEY_UILaunchStoryboardName = LaunchScreen;
				INFOPLIST_KEY_UIMainStoryboardFile = Main;
				INFOPLIST_KEY_UISupportedInterfaceOrientations = UIInterfaceOrientationPortrait;
				IPHONEOS_DEPLOYMENT_TARGET = 13.0;
				LD_RUNPATH_SEARCH_PATHS = (
					"$(inherited)",
					"@executable_path/Frameworks",
				);
				MARKETING_VERSION = 1.0;
				PRODUCT_BUNDLE_IDENTIFIER = ru.kireevama.practicum.ImageFeed;
				PRODUCT_NAME = "$(TARGET_NAME)";
				SUPPORTED_PLATFORMS = "iphoneos iphonesimulator";
				SUPPORTS_MACCATALYST = NO;
				SUPPORTS_MAC_DESIGNED_FOR_IPHONE_IPAD = YES;
				SWIFT_EMIT_LOC_STRINGS = YES;
				SWIFT_VERSION = 5.0;
				TARGETED_DEVICE_FAMILY = 1;
			};
			name = Debug;
		};
		475DC0702CA1D18A00D4F59F /* Release */ = {
			isa = XCBuildConfiguration;
			buildSettings = {
				ASSETCATALOG_COMPILER_APPICON_NAME = AppIcon;
				ASSETCATALOG_COMPILER_GLOBAL_ACCENT_COLOR_NAME = AccentColor;
				CODE_SIGN_STYLE = Automatic;
				CURRENT_PROJECT_VERSION = 1;
				DEVELOPMENT_TEAM = C2QR6HQR3P;
				GENERATE_INFOPLIST_FILE = YES;
				INFOPLIST_FILE = ImageFeed/Info.plist;
				INFOPLIST_KEY_UIApplicationSupportsIndirectInputEvents = YES;
				INFOPLIST_KEY_UILaunchStoryboardName = LaunchScreen;
				INFOPLIST_KEY_UIMainStoryboardFile = Main;
				INFOPLIST_KEY_UISupportedInterfaceOrientations = UIInterfaceOrientationPortrait;
				IPHONEOS_DEPLOYMENT_TARGET = 13.0;
				LD_RUNPATH_SEARCH_PATHS = (
					"$(inherited)",
					"@executable_path/Frameworks",
				);
				MARKETING_VERSION = 1.0;
				PRODUCT_BUNDLE_IDENTIFIER = ru.kireevama.practicum.ImageFeed;
				PRODUCT_NAME = "$(TARGET_NAME)";
				SUPPORTED_PLATFORMS = "iphoneos iphonesimulator";
				SUPPORTS_MACCATALYST = NO;
				SUPPORTS_MAC_DESIGNED_FOR_IPHONE_IPAD = YES;
				SWIFT_EMIT_LOC_STRINGS = YES;
				SWIFT_VERSION = 5.0;
				TARGETED_DEVICE_FAMILY = 1;
			};
			name = Release;
		};
/* End XCBuildConfiguration section */

/* Begin XCConfigurationList section */
		475DC0552CA1D18600D4F59F /* Build configuration list for PBXProject "ImageFeed" */ = {
			isa = XCConfigurationList;
			buildConfigurations = (
				475DC06C2CA1D18A00D4F59F /* Debug */,
				475DC06D2CA1D18A00D4F59F /* Release */,
			);
			defaultConfigurationIsVisible = 0;
			defaultConfigurationName = Release;
		};
		475DC06E2CA1D18A00D4F59F /* Build configuration list for PBXNativeTarget "ImageFeed" */ = {
			isa = XCConfigurationList;
			buildConfigurations = (
				475DC06F2CA1D18A00D4F59F /* Debug */,
				475DC0702CA1D18A00D4F59F /* Release */,
			);
			defaultConfigurationIsVisible = 0;
			defaultConfigurationName = Release;
		};
/* End XCConfigurationList section */
	};
	rootObject = 475DC0522CA1D18600D4F59F /* Project object */;
}
