// !$*UTF8*$!
{
	archiveVersion = 1;
	classes = {
	};
	objectVersion = 56;
	objects = {

/* Begin PBXBuildFile section */
		470333502D85E092000BC669 /* ProfileViewTests.swift in Sources */ = {isa = PBXBuildFile; fileRef = 4703334F2D85E092000BC669 /* ProfileViewTests.swift */; };
		470333522D85E317000BC669 /* ProfilePresenterSpy.swift in Sources */ = {isa = PBXBuildFile; fileRef = 470333512D85E317000BC669 /* ProfilePresenterSpy.swift */; };
		470333542D863654000BC669 /* ProfileViewControllerSpy.swift in Sources */ = {isa = PBXBuildFile; fileRef = 470333532D863654000BC669 /* ProfileViewControllerSpy.swift */; };
		470333572D8720EB000BC669 /* ImageListViewTests.swift in Sources */ = {isa = PBXBuildFile; fileRef = 470333562D8720EB000BC669 /* ImageListViewTests.swift */; };
		470333592D8721B9000BC669 /* ImagesListViewPresenter.swift in Sources */ = {isa = PBXBuildFile; fileRef = 470333582D8721B9000BC669 /* ImagesListViewPresenter.swift */; };
		4707DEC12D2745FE00D7DF1C /* AuthViewController.swift in Sources */ = {isa = PBXBuildFile; fileRef = 4707DEC02D2745FE00D7DF1C /* AuthViewController.swift */; };
		4707DEC32D274DAE00D7DF1C /* WebViewViewController.swift in Sources */ = {isa = PBXBuildFile; fileRef = 4707DEC22D274DAE00D7DF1C /* WebViewViewController.swift */; };
		471E871D2D31D08800E82482 /* OAuth2TokenStorage.swift in Sources */ = {isa = PBXBuildFile; fileRef = 471E871C2D31D08800E82482 /* OAuth2TokenStorage.swift */; };
		4721B05A2D62889000B294FD /* Kingfisher in Frameworks */ = {isa = PBXBuildFile; productRef = 4721B0592D62889000B294FD /* Kingfisher */; };
		4723E9A52CF22493007E2C1D /* SF-Pro-Regular.ttf in Resources */ = {isa = PBXBuildFile; fileRef = 4723E9A42CF22493007E2C1D /* SF-Pro-Regular.ttf */; };
		4723E9A72CF22564007E2C1D /* SF-Pro-Bold.otf in Resources */ = {isa = PBXBuildFile; fileRef = 4723E9A62CF22564007E2C1D /* SF-Pro-Bold.otf */; };
		4723E9A92CF22953007E2C1D /* customFonts.swift in Sources */ = {isa = PBXBuildFile; fileRef = 4723E9A82CF22953007E2C1D /* customFonts.swift */; };
		4737AEA92D02CDEE0096A5EC /* AuthConfiguration.swift in Sources */ = {isa = PBXBuildFile; fileRef = 4737AEA82D02CDEE0096A5EC /* AuthConfiguration.swift */; };
		4744025D2D6731190079C9F6 /* ImagesListService.swift in Sources */ = {isa = PBXBuildFile; fileRef = 4744025C2D6731190079C9F6 /* ImagesListService.swift */; };
		4757D5592D73398100659948 /* ProfileLogoutService.swift in Sources */ = {isa = PBXBuildFile; fileRef = 4757D5582D73398100659948 /* ProfileLogoutService.swift */; };
		475DC05E2CA1D18600D4F59F /* AppDelegate.swift in Sources */ = {isa = PBXBuildFile; fileRef = 475DC05D2CA1D18600D4F59F /* AppDelegate.swift */; };
		475DC0602CA1D18600D4F59F /* SceneDelegate.swift in Sources */ = {isa = PBXBuildFile; fileRef = 475DC05F2CA1D18600D4F59F /* SceneDelegate.swift */; };
		475DC0622CA1D18600D4F59F /* ImagesListViewController.swift in Sources */ = {isa = PBXBuildFile; fileRef = 475DC0612CA1D18600D4F59F /* ImagesListViewController.swift */; };
		475DC0652CA1D18600D4F59F /* Main.storyboard in Resources */ = {isa = PBXBuildFile; fileRef = 475DC0632CA1D18600D4F59F /* Main.storyboard */; };
		475DC0672CA1D18A00D4F59F /* Assets.xcassets in Resources */ = {isa = PBXBuildFile; fileRef = 475DC0662CA1D18A00D4F59F /* Assets.xcassets */; };
		475DC06A2CA1D18A00D4F59F /* LaunchScreen.storyboard in Resources */ = {isa = PBXBuildFile; fileRef = 475DC0682CA1D18A00D4F59F /* LaunchScreen.storyboard */; };
		4774DE132D5BC2670032977D /* ProfileImageService.swift in Sources */ = {isa = PBXBuildFile; fileRef = 4774DE122D5BC2670032977D /* ProfileImageService.swift */; };
		4774DE162D5BC9960032977D /* RequestError.swift in Sources */ = {isa = PBXBuildFile; fileRef = 4774DE152D5BC9960032977D /* RequestError.swift */; };
		4778AAFC2D4E7DEE00D9A617 /* ProfileService.swift in Sources */ = {isa = PBXBuildFile; fileRef = 4778AAFB2D4E7DEE00D9A617 /* ProfileService.swift */; };
		477DC39C2D285A1F0040BEDE /* WebViewViewControllerDelegateProtocol.swift in Sources */ = {isa = PBXBuildFile; fileRef = 477DC39B2D285A1F0040BEDE /* WebViewViewControllerDelegateProtocol.swift */; };
		477DC3C22D2C7B330040BEDE /* OAuth2Service.swift in Sources */ = {isa = PBXBuildFile; fileRef = 477DC3C12D2C7B330040BEDE /* OAuth2Service.swift */; };
		477DC3C42D303BD80040BEDE /* URLSession+data.swift in Sources */ = {isa = PBXBuildFile; fileRef = 477DC3C32D303BD80040BEDE /* URLSession+data.swift */; };
		4780CFFC2D817EDA005B43A0 /* ProfilePresenter.swift in Sources */ = {isa = PBXBuildFile; fileRef = 4780CFFB2D817EDA005B43A0 /* ProfilePresenter.swift */; };
		478D4DFD2D89A71800EFFCDF /* ImageFeedUITests.swift in Sources */ = {isa = PBXBuildFile; fileRef = 478D4DFC2D89A71800EFFCDF /* ImageFeedUITests.swift */; };
		478D4DFF2D89A71800EFFCDF /* ImageFeedUITestsLaunchTests.swift in Sources */ = {isa = PBXBuildFile; fileRef = 478D4DFE2D89A71800EFFCDF /* ImageFeedUITestsLaunchTests.swift */; };
		478EA51A2CCB70490024B029 /* ProfileViewController.swift in Sources */ = {isa = PBXBuildFile; fileRef = 478EA5192CCB70490024B029 /* ProfileViewController.swift */; };
		478EA51C2CCE1F390024B029 /* SingleImageViewController.swift in Sources */ = {isa = PBXBuildFile; fileRef = 478EA51B2CCE1F390024B029 /* SingleImageViewController.swift */; };
		479E056D2CA53A2900027F08 /* ImagesListCell.swift in Sources */ = {isa = PBXBuildFile; fileRef = 479E056C2CA53A2900027F08 /* ImagesListCell.swift */; };
		47A0B6962D7FA1C6009D908A /* WebViewTests.swift in Sources */ = {isa = PBXBuildFile; fileRef = 47A0B6952D7FA1C6009D908A /* WebViewTests.swift */; };
		47A0B69D2D7FA62C009D908A /* WebViewPresenterSpy.swift in Sources */ = {isa = PBXBuildFile; fileRef = 47A0B69C2D7FA62C009D908A /* WebViewPresenterSpy.swift */; };
		47A0B69F2D8027D9009D908A /* WebViewViewControllerSpy.swift in Sources */ = {isa = PBXBuildFile; fileRef = 47A0B69E2D8027D9009D908A /* WebViewViewControllerSpy.swift */; };
		47A28FC32D4742B6007A7BE3 /* ProgressHUD in Frameworks */ = {isa = PBXBuildFile; productRef = 47A28FC22D4742B6007A7BE3 /* ProgressHUD */; };
		47C76B152D7E162200ADC9E8 /* WebViewPresenter.swift in Sources */ = {isa = PBXBuildFile; fileRef = 47C76B142D7E162200ADC9E8 /* WebViewPresenter.swift */; };
		47C76B172D7EC9DB00ADC9E8 /* AuthHelper.swift in Sources */ = {isa = PBXBuildFile; fileRef = 47C76B162D7EC9DB00ADC9E8 /* AuthHelper.swift */; };
		47D708E52D65B05700C788B1 /* HTTPMethod.swift in Sources */ = {isa = PBXBuildFile; fileRef = 47D708E42D65B05700C788B1 /* HTTPMethod.swift */; };
		47DA063F2D3478BF00241EF4 /* SplashViewController.swift in Sources */ = {isa = PBXBuildFile; fileRef = 47DA063E2D3478BF00241EF4 /* SplashViewController.swift */; };
		47DF82072D4C2FB900C65E89 /* UIBlockingProgressHUD.swift in Sources */ = {isa = PBXBuildFile; fileRef = 47DF82062D4C2FB900C65E89 /* UIBlockingProgressHUD.swift */; };
		47E34B412D777948003CA6A1 /* PhotoResult.swift in Sources */ = {isa = PBXBuildFile; fileRef = 47E34B402D777948003CA6A1 /* PhotoResult.swift */; };
		47E34B462D7779B1003CA6A1 /* Photo.swift in Sources */ = {isa = PBXBuildFile; fileRef = 47E34B452D7779B1003CA6A1 /* Photo.swift */; };
		47E34B482D777B96003CA6A1 /* OAuthTokenResponseBody.swift in Sources */ = {isa = PBXBuildFile; fileRef = 47E34B472D777B96003CA6A1 /* OAuthTokenResponseBody.swift */; };
		47E34B4A2D777BB6003CA6A1 /* ProfileResult.swift in Sources */ = {isa = PBXBuildFile; fileRef = 47E34B492D777BB6003CA6A1 /* ProfileResult.swift */; };
		47E34B4C2D777BF5003CA6A1 /* Profile.swift in Sources */ = {isa = PBXBuildFile; fileRef = 47E34B4B2D777BF5003CA6A1 /* Profile.swift */; };
		47E34B4E2D777C3C003CA6A1 /* UserResult.swift in Sources */ = {isa = PBXBuildFile; fileRef = 47E34B4D2D777C3C003CA6A1 /* UserResult.swift */; };
		47F58B082D63D410006E474D /* SwiftKeychainWrapper in Frameworks */ = {isa = PBXBuildFile; productRef = 47F58B072D63D410006E474D /* SwiftKeychainWrapper */; };
		47F58B0B2D63E771006E474D /* TabBarController.swift in Sources */ = {isa = PBXBuildFile; fileRef = 47F58B0A2D63E771006E474D /* TabBarController.swift */; };
/* End PBXBuildFile section */

/* Begin PBXContainerItemProxy section */
		473503532D691EF000D0E86F /* PBXContainerItemProxy */ = {
			isa = PBXContainerItemProxy;
			containerPortal = 475DC0522CA1D18600D4F59F /* Project object */;
			proxyType = 1;
			remoteGlobalIDString = 475DC0592CA1D18600D4F59F;
			remoteInfo = ImageFeed;
		};
		478D4E002D89A71800EFFCDF /* PBXContainerItemProxy */ = {
			isa = PBXContainerItemProxy;
			containerPortal = 475DC0522CA1D18600D4F59F /* Project object */;
			proxyType = 1;
			remoteGlobalIDString = 475DC0592CA1D18600D4F59F;
			remoteInfo = ImageFeed;
		};
		47A0B6972D7FA1C6009D908A /* PBXContainerItemProxy */ = {
			isa = PBXContainerItemProxy;
			containerPortal = 475DC0522CA1D18600D4F59F /* Project object */;
			proxyType = 1;
			remoteGlobalIDString = 475DC0592CA1D18600D4F59F;
			remoteInfo = ImageFeed;
		};
/* End PBXContainerItemProxy section */

/* Begin PBXFileReference section */
		4703334F2D85E092000BC669 /* ProfileViewTests.swift */ = {isa = PBXFileReference; lastKnownFileType = sourcecode.swift; path = ProfileViewTests.swift; sourceTree = "<group>"; };
		470333512D85E317000BC669 /* ProfilePresenterSpy.swift */ = {isa = PBXFileReference; lastKnownFileType = sourcecode.swift; path = ProfilePresenterSpy.swift; sourceTree = "<group>"; };
		470333532D863654000BC669 /* ProfileViewControllerSpy.swift */ = {isa = PBXFileReference; lastKnownFileType = sourcecode.swift; path = ProfileViewControllerSpy.swift; sourceTree = "<group>"; };
		470333562D8720EB000BC669 /* ImageListViewTests.swift */ = {isa = PBXFileReference; lastKnownFileType = sourcecode.swift; path = ImageListViewTests.swift; sourceTree = "<group>"; };
		470333582D8721B9000BC669 /* ImagesListViewPresenter.swift */ = {isa = PBXFileReference; lastKnownFileType = sourcecode.swift; path = ImagesListViewPresenter.swift; sourceTree = "<group>"; };
		4707DEC02D2745FE00D7DF1C /* AuthViewController.swift */ = {isa = PBXFileReference; lastKnownFileType = sourcecode.swift; path = AuthViewController.swift; sourceTree = "<group>"; };
		4707DEC22D274DAE00D7DF1C /* WebViewViewController.swift */ = {isa = PBXFileReference; lastKnownFileType = sourcecode.swift; path = WebViewViewController.swift; sourceTree = "<group>"; };
		471E871C2D31D08800E82482 /* OAuth2TokenStorage.swift */ = {isa = PBXFileReference; lastKnownFileType = sourcecode.swift; path = OAuth2TokenStorage.swift; sourceTree = "<group>"; };
		4723E9A42CF22493007E2C1D /* SF-Pro-Regular.ttf */ = {isa = PBXFileReference; lastKnownFileType = file; path = "SF-Pro-Regular.ttf"; sourceTree = "<group>"; };
		4723E9A62CF22564007E2C1D /* SF-Pro-Bold.otf */ = {isa = PBXFileReference; lastKnownFileType = file; path = "SF-Pro-Bold.otf"; sourceTree = "<group>"; };
		4723E9A82CF22953007E2C1D /* customFonts.swift */ = {isa = PBXFileReference; lastKnownFileType = sourcecode.swift; path = customFonts.swift; sourceTree = "<group>"; };
		4735034F2D691EF000D0E86F /* ImageFeedTests.xctest */ = {isa = PBXFileReference; explicitFileType = wrapper.cfbundle; includeInIndex = 0; path = ImageFeedTests.xctest; sourceTree = BUILT_PRODUCTS_DIR; };
		4737AEA82D02CDEE0096A5EC /* AuthConfiguration.swift */ = {isa = PBXFileReference; lastKnownFileType = sourcecode.swift; path = AuthConfiguration.swift; sourceTree = "<group>"; };
		4744025C2D6731190079C9F6 /* ImagesListService.swift */ = {isa = PBXFileReference; lastKnownFileType = sourcecode.swift; path = ImagesListService.swift; sourceTree = "<group>"; };
		4757D5582D73398100659948 /* ProfileLogoutService.swift */ = {isa = PBXFileReference; lastKnownFileType = sourcecode.swift; path = ProfileLogoutService.swift; sourceTree = "<group>"; };
		475DC05A2CA1D18600D4F59F /* ImageFeed.app */ = {isa = PBXFileReference; explicitFileType = wrapper.application; includeInIndex = 0; path = ImageFeed.app; sourceTree = BUILT_PRODUCTS_DIR; };
		475DC05D2CA1D18600D4F59F /* AppDelegate.swift */ = {isa = PBXFileReference; lastKnownFileType = sourcecode.swift; path = AppDelegate.swift; sourceTree = "<group>"; };
		475DC05F2CA1D18600D4F59F /* SceneDelegate.swift */ = {isa = PBXFileReference; lastKnownFileType = sourcecode.swift; path = SceneDelegate.swift; sourceTree = "<group>"; };
		475DC0612CA1D18600D4F59F /* ImagesListViewController.swift */ = {isa = PBXFileReference; lastKnownFileType = sourcecode.swift; path = ImagesListViewController.swift; sourceTree = "<group>"; };
		475DC0642CA1D18600D4F59F /* Base */ = {isa = PBXFileReference; lastKnownFileType = file.storyboard; name = Base; path = Base.lproj/Main.storyboard; sourceTree = "<group>"; };
		475DC0662CA1D18A00D4F59F /* Assets.xcassets */ = {isa = PBXFileReference; lastKnownFileType = folder.assetcatalog; path = Assets.xcassets; sourceTree = "<group>"; };
		475DC0692CA1D18A00D4F59F /* Base */ = {isa = PBXFileReference; lastKnownFileType = file.storyboard; name = Base; path = Base.lproj/LaunchScreen.storyboard; sourceTree = "<group>"; };
		475DC06B2CA1D18A00D4F59F /* Info.plist */ = {isa = PBXFileReference; lastKnownFileType = text.plist.xml; path = Info.plist; sourceTree = "<group>"; };
		4774DE122D5BC2670032977D /* ProfileImageService.swift */ = {isa = PBXFileReference; lastKnownFileType = sourcecode.swift; path = ProfileImageService.swift; sourceTree = "<group>"; };
		4774DE152D5BC9960032977D /* RequestError.swift */ = {isa = PBXFileReference; lastKnownFileType = sourcecode.swift; path = RequestError.swift; sourceTree = "<group>"; };
		4778AAFB2D4E7DEE00D9A617 /* ProfileService.swift */ = {isa = PBXFileReference; lastKnownFileType = sourcecode.swift; path = ProfileService.swift; sourceTree = "<group>"; };
		477DC39B2D285A1F0040BEDE /* WebViewViewControllerDelegateProtocol.swift */ = {isa = PBXFileReference; lastKnownFileType = sourcecode.swift; path = WebViewViewControllerDelegateProtocol.swift; sourceTree = "<group>"; };
		477DC3C12D2C7B330040BEDE /* OAuth2Service.swift */ = {isa = PBXFileReference; lastKnownFileType = sourcecode.swift; path = OAuth2Service.swift; sourceTree = "<group>"; };
		477DC3C32D303BD80040BEDE /* URLSession+data.swift */ = {isa = PBXFileReference; lastKnownFileType = sourcecode.swift; path = "URLSession+data.swift"; sourceTree = "<group>"; };
		4780CFFB2D817EDA005B43A0 /* ProfilePresenter.swift */ = {isa = PBXFileReference; lastKnownFileType = sourcecode.swift; path = ProfilePresenter.swift; sourceTree = "<group>"; };
		478D4DFA2D89A71800EFFCDF /* ImageFeedUITests.xctest */ = {isa = PBXFileReference; explicitFileType = wrapper.cfbundle; includeInIndex = 0; path = ImageFeedUITests.xctest; sourceTree = BUILT_PRODUCTS_DIR; };
		478D4DFC2D89A71800EFFCDF /* ImageFeedUITests.swift */ = {isa = PBXFileReference; lastKnownFileType = sourcecode.swift; path = ImageFeedUITests.swift; sourceTree = "<group>"; };
		478D4DFE2D89A71800EFFCDF /* ImageFeedUITestsLaunchTests.swift */ = {isa = PBXFileReference; lastKnownFileType = sourcecode.swift; path = ImageFeedUITestsLaunchTests.swift; sourceTree = "<group>"; };
		478EA5192CCB70490024B029 /* ProfileViewController.swift */ = {isa = PBXFileReference; lastKnownFileType = sourcecode.swift; path = ProfileViewController.swift; sourceTree = "<group>"; };
		478EA51B2CCE1F390024B029 /* SingleImageViewController.swift */ = {isa = PBXFileReference; lastKnownFileType = sourcecode.swift; path = SingleImageViewController.swift; sourceTree = "<group>"; };
		479E056C2CA53A2900027F08 /* ImagesListCell.swift */ = {isa = PBXFileReference; lastKnownFileType = sourcecode.swift; path = ImagesListCell.swift; sourceTree = "<group>"; };
		47A0B6932D7FA1C6009D908A /* ImageFeedTest.xctest */ = {isa = PBXFileReference; explicitFileType = wrapper.cfbundle; includeInIndex = 0; path = ImageFeedTest.xctest; sourceTree = BUILT_PRODUCTS_DIR; };
		47A0B6952D7FA1C6009D908A /* WebViewTests.swift */ = {isa = PBXFileReference; lastKnownFileType = sourcecode.swift; path = WebViewTests.swift; sourceTree = "<group>"; };
		47A0B69C2D7FA62C009D908A /* WebViewPresenterSpy.swift */ = {isa = PBXFileReference; lastKnownFileType = sourcecode.swift; path = WebViewPresenterSpy.swift; sourceTree = "<group>"; };
		47A0B69E2D8027D9009D908A /* WebViewViewControllerSpy.swift */ = {isa = PBXFileReference; lastKnownFileType = sourcecode.swift; path = WebViewViewControllerSpy.swift; sourceTree = "<group>"; };
		47C76B142D7E162200ADC9E8 /* WebViewPresenter.swift */ = {isa = PBXFileReference; lastKnownFileType = sourcecode.swift; path = WebViewPresenter.swift; sourceTree = "<group>"; };
		47C76B162D7EC9DB00ADC9E8 /* AuthHelper.swift */ = {isa = PBXFileReference; lastKnownFileType = sourcecode.swift; path = AuthHelper.swift; sourceTree = "<group>"; };
		47D708E42D65B05700C788B1 /* HTTPMethod.swift */ = {isa = PBXFileReference; lastKnownFileType = sourcecode.swift; path = HTTPMethod.swift; sourceTree = "<group>"; };
		47DA063E2D3478BF00241EF4 /* SplashViewController.swift */ = {isa = PBXFileReference; lastKnownFileType = sourcecode.swift; path = SplashViewController.swift; sourceTree = "<group>"; };
		47DF82062D4C2FB900C65E89 /* UIBlockingProgressHUD.swift */ = {isa = PBXFileReference; lastKnownFileType = sourcecode.swift; path = UIBlockingProgressHUD.swift; sourceTree = "<group>"; };
		47E34B402D777948003CA6A1 /* PhotoResult.swift */ = {isa = PBXFileReference; lastKnownFileType = sourcecode.swift; path = PhotoResult.swift; sourceTree = "<group>"; };
		47E34B452D7779B1003CA6A1 /* Photo.swift */ = {isa = PBXFileReference; lastKnownFileType = sourcecode.swift; path = Photo.swift; sourceTree = "<group>"; };
		47E34B472D777B96003CA6A1 /* OAuthTokenResponseBody.swift */ = {isa = PBXFileReference; lastKnownFileType = sourcecode.swift; path = OAuthTokenResponseBody.swift; sourceTree = "<group>"; };
		47E34B492D777BB6003CA6A1 /* ProfileResult.swift */ = {isa = PBXFileReference; lastKnownFileType = sourcecode.swift; path = ProfileResult.swift; sourceTree = "<group>"; };
		47E34B4B2D777BF5003CA6A1 /* Profile.swift */ = {isa = PBXFileReference; lastKnownFileType = sourcecode.swift; path = Profile.swift; sourceTree = "<group>"; };
		47E34B4D2D777C3C003CA6A1 /* UserResult.swift */ = {isa = PBXFileReference; lastKnownFileType = sourcecode.swift; path = UserResult.swift; sourceTree = "<group>"; };
		47F58B0A2D63E771006E474D /* TabBarController.swift */ = {isa = PBXFileReference; lastKnownFileType = sourcecode.swift; path = TabBarController.swift; sourceTree = "<group>"; };
/* End PBXFileReference section */

/* Begin PBXFrameworksBuildPhase section */
		4735034C2D691EF000D0E86F /* Frameworks */ = {
			isa = PBXFrameworksBuildPhase;
			buildActionMask = 2147483647;
			files = (
			);
			runOnlyForDeploymentPostprocessing = 0;
		};
		475DC0572CA1D18600D4F59F /* Frameworks */ = {
			isa = PBXFrameworksBuildPhase;
			buildActionMask = 2147483647;
			files = (
				4721B05A2D62889000B294FD /* Kingfisher in Frameworks */,
				47A28FC32D4742B6007A7BE3 /* ProgressHUD in Frameworks */,
				47F58B082D63D410006E474D /* SwiftKeychainWrapper in Frameworks */,
			);
			runOnlyForDeploymentPostprocessing = 0;
		};
		478D4DF72D89A71800EFFCDF /* Frameworks */ = {
			isa = PBXFrameworksBuildPhase;
			buildActionMask = 2147483647;
			files = (
			);
			runOnlyForDeploymentPostprocessing = 0;
		};
		47A0B6902D7FA1C6009D908A /* Frameworks */ = {
			isa = PBXFrameworksBuildPhase;
			buildActionMask = 2147483647;
			files = (
			);
			runOnlyForDeploymentPostprocessing = 0;
		};
/* End PBXFrameworksBuildPhase section */

/* Begin PBXGroup section */
		4703334D2D85E03D000BC669 /* WebViewTests */ = {
			isa = PBXGroup;
			children = (
				47A0B69E2D8027D9009D908A /* WebViewViewControllerSpy.swift */,
				47A0B69C2D7FA62C009D908A /* WebViewPresenterSpy.swift */,
				47A0B6952D7FA1C6009D908A /* WebViewTests.swift */,
			);
			path = WebViewTests;
			sourceTree = "<group>";
		};
		4703334E2D85E069000BC669 /* ProfileViewTests */ = {
			isa = PBXGroup;
			children = (
				4703334F2D85E092000BC669 /* ProfileViewTests.swift */,
				470333512D85E317000BC669 /* ProfilePresenterSpy.swift */,
				470333532D863654000BC669 /* ProfileViewControllerSpy.swift */,
			);
			path = ProfileViewTests;
			sourceTree = "<group>";
		};
		470333552D872091000BC669 /* ImageListViewTests */ = {
			isa = PBXGroup;
			children = (
				470333562D8720EB000BC669 /* ImageListViewTests.swift */,
			);
			path = ImageListViewTests;
			sourceTree = "<group>";
		};
		4707DEBF2D2745E500D7DF1C /* Auth */ = {
			isa = PBXGroup;
			children = (
				4737AEA82D02CDEE0096A5EC /* AuthConfiguration.swift */,
				4707DEC02D2745FE00D7DF1C /* AuthViewController.swift */,
				477DC39B2D285A1F0040BEDE /* WebViewViewControllerDelegateProtocol.swift */,
				471E871C2D31D08800E82482 /* OAuth2TokenStorage.swift */,
				4707DEC22D274DAE00D7DF1C /* WebViewViewController.swift */,
				47C76B142D7E162200ADC9E8 /* WebViewPresenter.swift */,
				47C76B162D7EC9DB00ADC9E8 /* AuthHelper.swift */,
			);
			path = Auth;
			sourceTree = "<group>";
		};
		4723E9A12CF223DF007E2C1D /* Fonts */ = {
			isa = PBXGroup;
			children = (
				4723E9A62CF22564007E2C1D /* SF-Pro-Bold.otf */,
				4723E9A42CF22493007E2C1D /* SF-Pro-Regular.ttf */,
				4723E9A82CF22953007E2C1D /* customFonts.swift */,
			);
			path = Fonts;
			sourceTree = "<group>";
		};
		475CAD6F2CB91D1D00A99EEA /* Resources */ = {
			isa = PBXGroup;
			children = (
				4723E9A12CF223DF007E2C1D /* Fonts */,
				475DC0682CA1D18A00D4F59F /* LaunchScreen.storyboard */,
				475DC0662CA1D18A00D4F59F /* Assets.xcassets */,
			);
			path = Resources;
			sourceTree = "<group>";
		};
		475DC0512CA1D18600D4F59F = {
			isa = PBXGroup;
			children = (
				475DC05C2CA1D18600D4F59F /* ImageFeed */,
				47A0B6942D7FA1C6009D908A /* ImageFeedTest */,
				478D4DFB2D89A71800EFFCDF /* ImageFeedUITests */,
				475DC05B2CA1D18600D4F59F /* Products */,
			);
			sourceTree = "<group>";
		};
		475DC05B2CA1D18600D4F59F /* Products */ = {
			isa = PBXGroup;
			children = (
				475DC05A2CA1D18600D4F59F /* ImageFeed.app */,
				4735034F2D691EF000D0E86F /* ImageFeedTests.xctest */,
				47A0B6932D7FA1C6009D908A /* ImageFeedTest.xctest */,
				478D4DFA2D89A71800EFFCDF /* ImageFeedUITests.xctest */,
			);
			name = Products;
			sourceTree = "<group>";
		};
		475DC05C2CA1D18600D4F59F /* ImageFeed */ = {
			isa = PBXGroup;
			children = (
				47E34B3F2D777901003CA6A1 /* Model */,
				47D708E32D65B03100C788B1 /* HTTPMethod */,
				47F58B092D63E759006E474D /* TabBarController */,
				4774DE142D5BC9110032977D /* Errors */,
				4707DEBF2D2745E500D7DF1C /* Auth */,
				478EA5182CCB70110024B029 /* ProfileViewController */,
				478EA51D2CCE236F0024B029 /* SingleImageViewController */,
				479D93D82D352BED007DC2E2 /* SplashViewController */,
				4778AAF92D4E7D5900D9A617 /* Service */,
				4778AAFE2D4E92CD00D9A617 /* ProgressHUD */,
				4778AAFD2D4E92AE00D9A617 /* Extensions */,
				479E056E2CA53A6E00027F08 /* ImagesList */,
				475DC05D2CA1D18600D4F59F /* AppDelegate.swift */,
				475DC05F2CA1D18600D4F59F /* SceneDelegate.swift */,
				475DC0632CA1D18600D4F59F /* Main.storyboard */,
				475DC06B2CA1D18A00D4F59F /* Info.plist */,
				475CAD6F2CB91D1D00A99EEA /* Resources */,
			);
			path = ImageFeed;
			sourceTree = "<group>";
		};
		4774DE142D5BC9110032977D /* Errors */ = {
			isa = PBXGroup;
			children = (
				4774DE152D5BC9960032977D /* RequestError.swift */,
			);
			path = Errors;
			sourceTree = "<group>";
		};
		4778AAF92D4E7D5900D9A617 /* Service */ = {
			isa = PBXGroup;
			children = (
				477DC3C12D2C7B330040BEDE /* OAuth2Service.swift */,
				4778AAFB2D4E7DEE00D9A617 /* ProfileService.swift */,
				4774DE122D5BC2670032977D /* ProfileImageService.swift */,
				4744025C2D6731190079C9F6 /* ImagesListService.swift */,
				4757D5582D73398100659948 /* ProfileLogoutService.swift */,
			);
			path = Service;
			sourceTree = "<group>";
		};
		4778AAFD2D4E92AE00D9A617 /* Extensions */ = {
			isa = PBXGroup;
			children = (
				477DC3C32D303BD80040BEDE /* URLSession+data.swift */,
			);
			path = Extensions;
			sourceTree = "<group>";
		};
		4778AAFE2D4E92CD00D9A617 /* ProgressHUD */ = {
			isa = PBXGroup;
			children = (
				47DF82062D4C2FB900C65E89 /* UIBlockingProgressHUD.swift */,
			);
			path = ProgressHUD;
			sourceTree = "<group>";
		};
		478D4DFB2D89A71800EFFCDF /* ImageFeedUITests */ = {
			isa = PBXGroup;
			children = (
				478D4DFC2D89A71800EFFCDF /* ImageFeedUITests.swift */,
				478D4DFE2D89A71800EFFCDF /* ImageFeedUITestsLaunchTests.swift */,
			);
			path = ImageFeedUITests;
			sourceTree = "<group>";
		};
		478EA5182CCB70110024B029 /* ProfileViewController */ = {
			isa = PBXGroup;
			children = (
				478EA5192CCB70490024B029 /* ProfileViewController.swift */,
				4780CFFB2D817EDA005B43A0 /* ProfilePresenter.swift */,
			);
			path = ProfileViewController;
			sourceTree = "<group>";
		};
		478EA51D2CCE236F0024B029 /* SingleImageViewController */ = {
			isa = PBXGroup;
			children = (
				478EA51B2CCE1F390024B029 /* SingleImageViewController.swift */,
			);
			path = SingleImageViewController;
			sourceTree = "<group>";
		};
		479D93D82D352BED007DC2E2 /* SplashViewController */ = {
			isa = PBXGroup;
			children = (
				47DA063E2D3478BF00241EF4 /* SplashViewController.swift */,
			);
			path = SplashViewController;
			sourceTree = "<group>";
		};
		479E056E2CA53A6E00027F08 /* ImagesList */ = {
			isa = PBXGroup;
			children = (
				479E056C2CA53A2900027F08 /* ImagesListCell.swift */,
				475DC0612CA1D18600D4F59F /* ImagesListViewController.swift */,
				470333582D8721B9000BC669 /* ImagesListViewPresenter.swift */,
			);
			path = ImagesList;
			sourceTree = "<group>";
		};
		47A0B6942D7FA1C6009D908A /* ImageFeedTest */ = {
			isa = PBXGroup;
			children = (
				470333552D872091000BC669 /* ImageListViewTests */,
				4703334E2D85E069000BC669 /* ProfileViewTests */,
				4703334D2D85E03D000BC669 /* WebViewTests */,
			);
			path = ImageFeedTest;
			sourceTree = "<group>";
		};
		47D708E32D65B03100C788B1 /* HTTPMethod */ = {
			isa = PBXGroup;
			children = (
				47D708E42D65B05700C788B1 /* HTTPMethod.swift */,
			);
			path = HTTPMethod;
			sourceTree = "<group>";
		};
		47E34B3F2D777901003CA6A1 /* Model */ = {
			isa = PBXGroup;
			children = (
				47E34B402D777948003CA6A1 /* PhotoResult.swift */,
				47E34B452D7779B1003CA6A1 /* Photo.swift */,
				47E34B472D777B96003CA6A1 /* OAuthTokenResponseBody.swift */,
				47E34B492D777BB6003CA6A1 /* ProfileResult.swift */,
				47E34B4B2D777BF5003CA6A1 /* Profile.swift */,
				47E34B4D2D777C3C003CA6A1 /* UserResult.swift */,
			);
			path = Model;
			sourceTree = "<group>";
		};
		47F58B092D63E759006E474D /* TabBarController */ = {
			isa = PBXGroup;
			children = (
				47F58B0A2D63E771006E474D /* TabBarController.swift */,
			);
			path = TabBarController;
			sourceTree = "<group>";
		};
/* End PBXGroup section */

/* Begin PBXNativeTarget section */
		4735034E2D691EF000D0E86F /* ImageFeedTests */ = {
			isa = PBXNativeTarget;
			buildConfigurationList = 473503572D691EF000D0E86F /* Build configuration list for PBXNativeTarget "ImageFeedTests" */;
			buildPhases = (
				4735034B2D691EF000D0E86F /* Sources */,
				4735034C2D691EF000D0E86F /* Frameworks */,
				4735034D2D691EF000D0E86F /* Resources */,
			);
			buildRules = (
			);
			dependencies = (
				473503542D691EF000D0E86F /* PBXTargetDependency */,
			);
			name = ImageFeedTests;
			productName = ImageFeedTests;
			productReference = 4735034F2D691EF000D0E86F /* ImageFeedTests.xctest */;
			productType = "com.apple.product-type.bundle.unit-test";
		};
		475DC0592CA1D18600D4F59F /* ImageFeed */ = {
			isa = PBXNativeTarget;
			buildConfigurationList = 475DC06E2CA1D18A00D4F59F /* Build configuration list for PBXNativeTarget "ImageFeed" */;
			buildPhases = (
				475DC0562CA1D18600D4F59F /* Sources */,
				475DC0572CA1D18600D4F59F /* Frameworks */,
				475DC0582CA1D18600D4F59F /* Resources */,
			);
			buildRules = (
			);
			dependencies = (
			);
			name = ImageFeed;
			packageProductDependencies = (
				47A28FC22D4742B6007A7BE3 /* ProgressHUD */,
				4721B0592D62889000B294FD /* Kingfisher */,
				47F58B072D63D410006E474D /* SwiftKeychainWrapper */,
			);
			productName = ImageFeed;
			productReference = 475DC05A2CA1D18600D4F59F /* ImageFeed.app */;
			productType = "com.apple.product-type.application";
		};
		478D4DF92D89A71800EFFCDF /* ImageFeedUITests */ = {
			isa = PBXNativeTarget;
			buildConfigurationList = 478D4E042D89A71800EFFCDF /* Build configuration list for PBXNativeTarget "ImageFeedUITests" */;
			buildPhases = (
				478D4DF62D89A71800EFFCDF /* Sources */,
				478D4DF72D89A71800EFFCDF /* Frameworks */,
				478D4DF82D89A71800EFFCDF /* Resources */,
			);
			buildRules = (
			);
			dependencies = (
				478D4E012D89A71800EFFCDF /* PBXTargetDependency */,
			);
			name = ImageFeedUITests;
			productName = ImageFeedUITests;
			productReference = 478D4DFA2D89A71800EFFCDF /* ImageFeedUITests.xctest */;
			productType = "com.apple.product-type.bundle.ui-testing";
		};
		47A0B6922D7FA1C6009D908A /* ImageFeedTest */ = {
			isa = PBXNativeTarget;
			buildConfigurationList = 47A0B69B2D7FA1C6009D908A /* Build configuration list for PBXNativeTarget "ImageFeedTest" */;
			buildPhases = (
				47A0B68F2D7FA1C6009D908A /* Sources */,
				47A0B6902D7FA1C6009D908A /* Frameworks */,
				47A0B6912D7FA1C6009D908A /* Resources */,
			);
			buildRules = (
			);
			dependencies = (
				47A0B6982D7FA1C6009D908A /* PBXTargetDependency */,
			);
			name = ImageFeedTest;
			productName = ImageFeedTest;
			productReference = 47A0B6932D7FA1C6009D908A /* ImageFeedTest.xctest */;
			productType = "com.apple.product-type.bundle.unit-test";
		};
/* End PBXNativeTarget section */

/* Begin PBXProject section */
		475DC0522CA1D18600D4F59F /* Project object */ = {
			isa = PBXProject;
			attributes = {
				BuildIndependentTargetsInParallel = 1;
				LastSwiftUpdateCheck = 1420;
				LastUpgradeCheck = 1420;
				TargetAttributes = {
					4735034E2D691EF000D0E86F = {
						CreatedOnToolsVersion = 14.2;
						TestTargetID = 475DC0592CA1D18600D4F59F;
					};
					475DC0592CA1D18600D4F59F = {
						CreatedOnToolsVersion = 14.2;
					};
					478D4DF92D89A71800EFFCDF = {
						CreatedOnToolsVersion = 14.2;
						TestTargetID = 475DC0592CA1D18600D4F59F;
					};
					47A0B6922D7FA1C6009D908A = {
						CreatedOnToolsVersion = 14.2;
						TestTargetID = 475DC0592CA1D18600D4F59F;
					};
				};
			};
			buildConfigurationList = 475DC0552CA1D18600D4F59F /* Build configuration list for PBXProject "ImageFeed" */;
			compatibilityVersion = "Xcode 14.0";
			developmentRegion = en;
			hasScannedForEncodings = 0;
			knownRegions = (
				en,
				Base,
			);
			mainGroup = 475DC0512CA1D18600D4F59F;
			packageReferences = (
				47A28FC12D4742B6007A7BE3 /* XCRemoteSwiftPackageReference "ProgressHUD" */,
				4721B0582D62889000B294FD /* XCRemoteSwiftPackageReference "Kingfisher" */,
				47F58B062D63D410006E474D /* XCRemoteSwiftPackageReference "SwiftKeychainWrapper" */,
			);
			productRefGroup = 475DC05B2CA1D18600D4F59F /* Products */;
			projectDirPath = "";
			projectRoot = "";
			targets = (
				475DC0592CA1D18600D4F59F /* ImageFeed */,
				4735034E2D691EF000D0E86F /* ImageFeedTests */,
				47A0B6922D7FA1C6009D908A /* ImageFeedTest */,
				478D4DF92D89A71800EFFCDF /* ImageFeedUITests */,
			);
		};
/* End PBXProject section */

/* Begin PBXResourcesBuildPhase section */
		4735034D2D691EF000D0E86F /* Resources */ = {
			isa = PBXResourcesBuildPhase;
			buildActionMask = 2147483647;
			files = (
			);
			runOnlyForDeploymentPostprocessing = 0;
		};
		475DC0582CA1D18600D4F59F /* Resources */ = {
			isa = PBXResourcesBuildPhase;
			buildActionMask = 2147483647;
			files = (
				475DC06A2CA1D18A00D4F59F /* LaunchScreen.storyboard in Resources */,
				4723E9A72CF22564007E2C1D /* SF-Pro-Bold.otf in Resources */,
				475DC0672CA1D18A00D4F59F /* Assets.xcassets in Resources */,
				475DC0652CA1D18600D4F59F /* Main.storyboard in Resources */,
				4723E9A52CF22493007E2C1D /* SF-Pro-Regular.ttf in Resources */,
			);
			runOnlyForDeploymentPostprocessing = 0;
		};
		478D4DF82D89A71800EFFCDF /* Resources */ = {
			isa = PBXResourcesBuildPhase;
			buildActionMask = 2147483647;
			files = (
			);
			runOnlyForDeploymentPostprocessing = 0;
		};
		47A0B6912D7FA1C6009D908A /* Resources */ = {
			isa = PBXResourcesBuildPhase;
			buildActionMask = 2147483647;
			files = (
			);
			runOnlyForDeploymentPostprocessing = 0;
		};
/* End PBXResourcesBuildPhase section */

/* Begin PBXSourcesBuildPhase section */
		4735034B2D691EF000D0E86F /* Sources */ = {
			isa = PBXSourcesBuildPhase;
			buildActionMask = 2147483647;
			files = (
			);
			runOnlyForDeploymentPostprocessing = 0;
		};
		475DC0562CA1D18600D4F59F /* Sources */ = {
			isa = PBXSourcesBuildPhase;
			buildActionMask = 2147483647;
			files = (
				4707DEC32D274DAE00D7DF1C /* WebViewViewController.swift in Sources */,
				477DC3C42D303BD80040BEDE /* URLSession+data.swift in Sources */,
				475DC0622CA1D18600D4F59F /* ImagesListViewController.swift in Sources */,
				47DF82072D4C2FB900C65E89 /* UIBlockingProgressHUD.swift in Sources */,
				4757D5592D73398100659948 /* ProfileLogoutService.swift in Sources */,
				477DC3C22D2C7B330040BEDE /* OAuth2Service.swift in Sources */,
				479E056D2CA53A2900027F08 /* ImagesListCell.swift in Sources */,
				478EA51A2CCB70490024B029 /* ProfileViewController.swift in Sources */,
				4744025D2D6731190079C9F6 /* ImagesListService.swift in Sources */,
				47E34B462D7779B1003CA6A1 /* Photo.swift in Sources */,
				47C76B152D7E162200ADC9E8 /* WebViewPresenter.swift in Sources */,
				4778AAFC2D4E7DEE00D9A617 /* ProfileService.swift in Sources */,
				470333592D8721B9000BC669 /* ImagesListViewPresenter.swift in Sources */,
				471E871D2D31D08800E82482 /* OAuth2TokenStorage.swift in Sources */,
				47E34B4E2D777C3C003CA6A1 /* UserResult.swift in Sources */,
				47D708E52D65B05700C788B1 /* HTTPMethod.swift in Sources */,
				475DC05E2CA1D18600D4F59F /* AppDelegate.swift in Sources */,
				4723E9A92CF22953007E2C1D /* customFonts.swift in Sources */,
				47DA063F2D3478BF00241EF4 /* SplashViewController.swift in Sources */,
				478EA51C2CCE1F390024B029 /* SingleImageViewController.swift in Sources */,
				47E34B4C2D777BF5003CA6A1 /* Profile.swift in Sources */,
				47F58B0B2D63E771006E474D /* TabBarController.swift in Sources */,
				47E34B482D777B96003CA6A1 /* OAuthTokenResponseBody.swift in Sources */,
				477DC39C2D285A1F0040BEDE /* WebViewViewControllerDelegateProtocol.swift in Sources */,
				475DC0602CA1D18600D4F59F /* SceneDelegate.swift in Sources */,
				4774DE162D5BC9960032977D /* RequestError.swift in Sources */,
				4774DE132D5BC2670032977D /* ProfileImageService.swift in Sources */,
				4780CFFC2D817EDA005B43A0 /* ProfilePresenter.swift in Sources */,
				47E34B412D777948003CA6A1 /* PhotoResult.swift in Sources */,
				4707DEC12D2745FE00D7DF1C /* AuthViewController.swift in Sources */,
				47E34B4A2D777BB6003CA6A1 /* ProfileResult.swift in Sources */,
				47C76B172D7EC9DB00ADC9E8 /* AuthHelper.swift in Sources */,
				4737AEA92D02CDEE0096A5EC /* AuthConfiguration.swift in Sources */,
			);
			runOnlyForDeploymentPostprocessing = 0;
		};
		478D4DF62D89A71800EFFCDF /* Sources */ = {
			isa = PBXSourcesBuildPhase;
			buildActionMask = 2147483647;
			files = (
				478D4DFF2D89A71800EFFCDF /* ImageFeedUITestsLaunchTests.swift in Sources */,
				478D4DFD2D89A71800EFFCDF /* ImageFeedUITests.swift in Sources */,
			);
			runOnlyForDeploymentPostprocessing = 0;
		};
		47A0B68F2D7FA1C6009D908A /* Sources */ = {
			isa = PBXSourcesBuildPhase;
			buildActionMask = 2147483647;
			files = (
				470333542D863654000BC669 /* ProfileViewControllerSpy.swift in Sources */,
				470333502D85E092000BC669 /* ProfileViewTests.swift in Sources */,
				47A0B6962D7FA1C6009D908A /* WebViewTests.swift in Sources */,
				47A0B69F2D8027D9009D908A /* WebViewViewControllerSpy.swift in Sources */,
				470333522D85E317000BC669 /* ProfilePresenterSpy.swift in Sources */,
				470333572D8720EB000BC669 /* ImageListViewTests.swift in Sources */,
				47A0B69D2D7FA62C009D908A /* WebViewPresenterSpy.swift in Sources */,
			);
			runOnlyForDeploymentPostprocessing = 0;
		};
/* End PBXSourcesBuildPhase section */

/* Begin PBXTargetDependency section */
		473503542D691EF000D0E86F /* PBXTargetDependency */ = {
			isa = PBXTargetDependency;
			target = 475DC0592CA1D18600D4F59F /* ImageFeed */;
			targetProxy = 473503532D691EF000D0E86F /* PBXContainerItemProxy */;
		};
		478D4E012D89A71800EFFCDF /* PBXTargetDependency */ = {
			isa = PBXTargetDependency;
			target = 475DC0592CA1D18600D4F59F /* ImageFeed */;
			targetProxy = 478D4E002D89A71800EFFCDF /* PBXContainerItemProxy */;
		};
		47A0B6982D7FA1C6009D908A /* PBXTargetDependency */ = {
			isa = PBXTargetDependency;
			target = 475DC0592CA1D18600D4F59F /* ImageFeed */;
			targetProxy = 47A0B6972D7FA1C6009D908A /* PBXContainerItemProxy */;
		};
/* End PBXTargetDependency section */

/* Begin PBXVariantGroup section */
		475DC0632CA1D18600D4F59F /* Main.storyboard */ = {
			isa = PBXVariantGroup;
			children = (
				475DC0642CA1D18600D4F59F /* Base */,
			);
			name = Main.storyboard;
			sourceTree = "<group>";
		};
		475DC0682CA1D18A00D4F59F /* LaunchScreen.storyboard */ = {
			isa = PBXVariantGroup;
			children = (
				475DC0692CA1D18A00D4F59F /* Base */,
			);
			name = LaunchScreen.storyboard;
			sourceTree = "<group>";
		};
/* End PBXVariantGroup section */

/* Begin XCBuildConfiguration section */
		473503552D691EF000D0E86F /* Debug */ = {
			isa = XCBuildConfiguration;
			buildSettings = {
				BUNDLE_LOADER = "$(TEST_HOST)";
				CODE_SIGN_STYLE = Automatic;
				CURRENT_PROJECT_VERSION = 1;
				DEVELOPMENT_TEAM = C2QR6HQR3P;
				GENERATE_INFOPLIST_FILE = YES;
				MARKETING_VERSION = 1.0;
				PRODUCT_BUNDLE_IDENTIFIER = ru.yandex.practicum.ImageFeedTests;
				PRODUCT_NAME = "$(TARGET_NAME)";
				SWIFT_EMIT_LOC_STRINGS = NO;
				SWIFT_VERSION = 5.0;
				TARGETED_DEVICE_FAMILY = "1,2";
				TEST_HOST = "$(BUILT_PRODUCTS_DIR)/ImageFeed.app/$(BUNDLE_EXECUTABLE_FOLDER_PATH)/ImageFeed";
			};
			name = Debug;
		};
		473503562D691EF000D0E86F /* Release */ = {
			isa = XCBuildConfiguration;
			buildSettings = {
				BUNDLE_LOADER = "$(TEST_HOST)";
				CODE_SIGN_STYLE = Automatic;
				CURRENT_PROJECT_VERSION = 1;
				DEVELOPMENT_TEAM = C2QR6HQR3P;
				GENERATE_INFOPLIST_FILE = YES;
				MARKETING_VERSION = 1.0;
				PRODUCT_BUNDLE_IDENTIFIER = ru.yandex.practicum.ImageFeedTests;
				PRODUCT_NAME = "$(TARGET_NAME)";
				SWIFT_EMIT_LOC_STRINGS = NO;
				SWIFT_VERSION = 5.0;
				TARGETED_DEVICE_FAMILY = "1,2";
				TEST_HOST = "$(BUILT_PRODUCTS_DIR)/ImageFeed.app/$(BUNDLE_EXECUTABLE_FOLDER_PATH)/ImageFeed";
			};
			name = Release;
		};
		475DC06C2CA1D18A00D4F59F /* Debug */ = {
			isa = XCBuildConfiguration;
			buildSettings = {
				ALWAYS_SEARCH_USER_PATHS = NO;
				CLANG_ANALYZER_NONNULL = YES;
				CLANG_ANALYZER_NUMBER_OBJECT_CONVERSION = YES_AGGRESSIVE;
				CLANG_CXX_LANGUAGE_STANDARD = "gnu++20";
				CLANG_ENABLE_MODULES = YES;
				CLANG_ENABLE_OBJC_ARC = YES;
				CLANG_ENABLE_OBJC_WEAK = YES;
				CLANG_WARN_BLOCK_CAPTURE_AUTORELEASING = YES;
				CLANG_WARN_BOOL_CONVERSION = YES;
				CLANG_WARN_COMMA = YES;
				CLANG_WARN_CONSTANT_CONVERSION = YES;
				CLANG_WARN_DEPRECATED_OBJC_IMPLEMENTATIONS = YES;
				CLANG_WARN_DIRECT_OBJC_ISA_USAGE = YES_ERROR;
				CLANG_WARN_DOCUMENTATION_COMMENTS = YES;
				CLANG_WARN_EMPTY_BODY = YES;
				CLANG_WARN_ENUM_CONVERSION = YES;
				CLANG_WARN_INFINITE_RECURSION = YES;
				CLANG_WARN_INT_CONVERSION = YES;
				CLANG_WARN_NON_LITERAL_NULL_CONVERSION = YES;
				CLANG_WARN_OBJC_IMPLICIT_RETAIN_SELF = YES;
				CLANG_WARN_OBJC_LITERAL_CONVERSION = YES;
				CLANG_WARN_OBJC_ROOT_CLASS = YES_ERROR;
				CLANG_WARN_QUOTED_INCLUDE_IN_FRAMEWORK_HEADER = YES;
				CLANG_WARN_RANGE_LOOP_ANALYSIS = YES;
				CLANG_WARN_STRICT_PROTOTYPES = YES;
				CLANG_WARN_SUSPICIOUS_MOVE = YES;
				CLANG_WARN_UNGUARDED_AVAILABILITY = YES_AGGRESSIVE;
				CLANG_WARN_UNREACHABLE_CODE = YES;
				CLANG_WARN__DUPLICATE_METHOD_MATCH = YES;
				COPY_PHASE_STRIP = NO;
				DEBUG_INFORMATION_FORMAT = dwarf;
				ENABLE_STRICT_OBJC_MSGSEND = YES;
				ENABLE_TESTABILITY = YES;
				GCC_C_LANGUAGE_STANDARD = gnu11;
				GCC_DYNAMIC_NO_PIC = NO;
				GCC_NO_COMMON_BLOCKS = YES;
				GCC_OPTIMIZATION_LEVEL = 0;
				GCC_PREPROCESSOR_DEFINITIONS = (
					"DEBUG=1",
					"$(inherited)",
				);
				GCC_WARN_64_TO_32_BIT_CONVERSION = YES;
				GCC_WARN_ABOUT_RETURN_TYPE = YES_ERROR;
				GCC_WARN_UNDECLARED_SELECTOR = YES;
				GCC_WARN_UNINITIALIZED_AUTOS = YES_AGGRESSIVE;
				GCC_WARN_UNUSED_FUNCTION = YES;
				GCC_WARN_UNUSED_VARIABLE = YES;
				IPHONEOS_DEPLOYMENT_TARGET = 16.2;
				MTL_ENABLE_DEBUG_INFO = INCLUDE_SOURCE;
				MTL_FAST_MATH = YES;
				ONLY_ACTIVE_ARCH = YES;
				SDKROOT = iphoneos;
				SWIFT_ACTIVE_COMPILATION_CONDITIONS = DEBUG;
				SWIFT_OPTIMIZATION_LEVEL = "-Onone";
			};
			name = Debug;
		};
		475DC06D2CA1D18A00D4F59F /* Release */ = {
			isa = XCBuildConfiguration;
			buildSettings = {
				ALWAYS_SEARCH_USER_PATHS = NO;
				CLANG_ANALYZER_NONNULL = YES;
				CLANG_ANALYZER_NUMBER_OBJECT_CONVERSION = YES_AGGRESSIVE;
				CLANG_CXX_LANGUAGE_STANDARD = "gnu++20";
				CLANG_ENABLE_MODULES = YES;
				CLANG_ENABLE_OBJC_ARC = YES;
				CLANG_ENABLE_OBJC_WEAK = YES;
				CLANG_WARN_BLOCK_CAPTURE_AUTORELEASING = YES;
				CLANG_WARN_BOOL_CONVERSION = YES;
				CLANG_WARN_COMMA = YES;
				CLANG_WARN_CONSTANT_CONVERSION = YES;
				CLANG_WARN_DEPRECATED_OBJC_IMPLEMENTATIONS = YES;
				CLANG_WARN_DIRECT_OBJC_ISA_USAGE = YES_ERROR;
				CLANG_WARN_DOCUMENTATION_COMMENTS = YES;
				CLANG_WARN_EMPTY_BODY = YES;
				CLANG_WARN_ENUM_CONVERSION = YES;
				CLANG_WARN_INFINITE_RECURSION = YES;
				CLANG_WARN_INT_CONVERSION = YES;
				CLANG_WARN_NON_LITERAL_NULL_CONVERSION = YES;
				CLANG_WARN_OBJC_IMPLICIT_RETAIN_SELF = YES;
				CLANG_WARN_OBJC_LITERAL_CONVERSION = YES;
				CLANG_WARN_OBJC_ROOT_CLASS = YES_ERROR;
				CLANG_WARN_QUOTED_INCLUDE_IN_FRAMEWORK_HEADER = YES;
				CLANG_WARN_RANGE_LOOP_ANALYSIS = YES;
				CLANG_WARN_STRICT_PROTOTYPES = YES;
				CLANG_WARN_SUSPICIOUS_MOVE = YES;
				CLANG_WARN_UNGUARDED_AVAILABILITY = YES_AGGRESSIVE;
				CLANG_WARN_UNREACHABLE_CODE = YES;
				CLANG_WARN__DUPLICATE_METHOD_MATCH = YES;
				COPY_PHASE_STRIP = NO;
				DEBUG_INFORMATION_FORMAT = "dwarf-with-dsym";
				ENABLE_NS_ASSERTIONS = NO;
				ENABLE_STRICT_OBJC_MSGSEND = YES;
				GCC_C_LANGUAGE_STANDARD = gnu11;
				GCC_NO_COMMON_BLOCKS = YES;
				GCC_WARN_64_TO_32_BIT_CONVERSION = YES;
				GCC_WARN_ABOUT_RETURN_TYPE = YES_ERROR;
				GCC_WARN_UNDECLARED_SELECTOR = YES;
				GCC_WARN_UNINITIALIZED_AUTOS = YES_AGGRESSIVE;
				GCC_WARN_UNUSED_FUNCTION = YES;
				GCC_WARN_UNUSED_VARIABLE = YES;
				IPHONEOS_DEPLOYMENT_TARGET = 16.2;
				MTL_ENABLE_DEBUG_INFO = NO;
				MTL_FAST_MATH = YES;
				SDKROOT = iphoneos;
				SWIFT_COMPILATION_MODE = wholemodule;
				SWIFT_OPTIMIZATION_LEVEL = "-O";
				VALIDATE_PRODUCT = YES;
			};
			name = Release;
		};
		475DC06F2CA1D18A00D4F59F /* Debug */ = {
			isa = XCBuildConfiguration;
			buildSettings = {
				ASSETCATALOG_COMPILER_APPICON_NAME = AppIcon;
				ASSETCATALOG_COMPILER_GLOBAL_ACCENT_COLOR_NAME = AccentColor;
				CODE_SIGN_STYLE = Automatic;
				CURRENT_PROJECT_VERSION = 1;
				DEVELOPMENT_TEAM = C2QR6HQR3P;
				GENERATE_INFOPLIST_FILE = YES;
				INFOPLIST_FILE = ImageFeed/Info.plist;
				INFOPLIST_KEY_UIApplicationSupportsIndirectInputEvents = YES;
				INFOPLIST_KEY_UILaunchStoryboardName = LaunchScreen;
				INFOPLIST_KEY_UIMainStoryboardFile = Main;
				INFOPLIST_KEY_UISupportedInterfaceOrientations = UIInterfaceOrientationPortrait;
				IPHONEOS_DEPLOYMENT_TARGET = 13.0;
				LD_RUNPATH_SEARCH_PATHS = (
					"$(inherited)",
					"@executable_path/Frameworks",
				);
				MARKETING_VERSION = 1.0;
				PRODUCT_BUNDLE_IDENTIFIER = ru.kireevama.practicum.ImageFeed;
				PRODUCT_NAME = "$(TARGET_NAME)";
				SUPPORTED_PLATFORMS = "iphoneos iphonesimulator";
				SUPPORTS_MACCATALYST = NO;
				SUPPORTS_MAC_DESIGNED_FOR_IPHONE_IPAD = YES;
				SWIFT_EMIT_LOC_STRINGS = YES;
				SWIFT_VERSION = 5.0;
				TARGETED_DEVICE_FAMILY = 1;
			};
			name = Debug;
		};
		475DC0702CA1D18A00D4F59F /* Release */ = {
			isa = XCBuildConfiguration;
			buildSettings = {
				ASSETCATALOG_COMPILER_APPICON_NAME = AppIcon;
				ASSETCATALOG_COMPILER_GLOBAL_ACCENT_COLOR_NAME = AccentColor;
				CODE_SIGN_STYLE = Automatic;
				CURRENT_PROJECT_VERSION = 1;
				DEVELOPMENT_TEAM = C2QR6HQR3P;
				GENERATE_INFOPLIST_FILE = YES;
				INFOPLIST_FILE = ImageFeed/Info.plist;
				INFOPLIST_KEY_UIApplicationSupportsIndirectInputEvents = YES;
				INFOPLIST_KEY_UILaunchStoryboardName = LaunchScreen;
				INFOPLIST_KEY_UIMainStoryboardFile = Main;
				INFOPLIST_KEY_UISupportedInterfaceOrientations = UIInterfaceOrientationPortrait;
				IPHONEOS_DEPLOYMENT_TARGET = 13.0;
				LD_RUNPATH_SEARCH_PATHS = (
					"$(inherited)",
					"@executable_path/Frameworks",
				);
				MARKETING_VERSION = 1.0;
				PRODUCT_BUNDLE_IDENTIFIER = ru.kireevama.practicum.ImageFeed;
				PRODUCT_NAME = "$(TARGET_NAME)";
				SUPPORTED_PLATFORMS = "iphoneos iphonesimulator";
				SUPPORTS_MACCATALYST = NO;
				SUPPORTS_MAC_DESIGNED_FOR_IPHONE_IPAD = YES;
				SWIFT_EMIT_LOC_STRINGS = YES;
				SWIFT_VERSION = 5.0;
				TARGETED_DEVICE_FAMILY = 1;
			};
			name = Release;
		};
		478D4E022D89A71800EFFCDF /* Debug */ = {
			isa = XCBuildConfiguration;
			buildSettings = {
				CODE_SIGN_STYLE = Automatic;
				CURRENT_PROJECT_VERSION = 1;
				DEVELOPMENT_TEAM = C2QR6HQR3P;
				GENERATE_INFOPLIST_FILE = YES;
				MARKETING_VERSION = 1.0;
				PRODUCT_BUNDLE_IDENTIFIER = ru.yandex.practicum.ImageFeedUITests;
				PRODUCT_NAME = "$(TARGET_NAME)";
				SWIFT_EMIT_LOC_STRINGS = NO;
				SWIFT_VERSION = 5.0;
				TARGETED_DEVICE_FAMILY = "1,2";
				TEST_TARGET_NAME = ImageFeed;
			};
			name = Debug;
		};
		478D4E032D89A71800EFFCDF /* Release */ = {
			isa = XCBuildConfiguration;
			buildSettings = {
				CODE_SIGN_STYLE = Automatic;
				CURRENT_PROJECT_VERSION = 1;
				DEVELOPMENT_TEAM = C2QR6HQR3P;
				GENERATE_INFOPLIST_FILE = YES;
				MARKETING_VERSION = 1.0;
				PRODUCT_BUNDLE_IDENTIFIER = ru.yandex.practicum.ImageFeedUITests;
				PRODUCT_NAME = "$(TARGET_NAME)";
				SWIFT_EMIT_LOC_STRINGS = NO;
				SWIFT_VERSION = 5.0;
				TARGETED_DEVICE_FAMILY = "1,2";
				TEST_TARGET_NAME = ImageFeed;
			};
			name = Release;
		};
		47A0B6992D7FA1C6009D908A /* Debug */ = {
			isa = XCBuildConfiguration;
			buildSettings = {
				BUNDLE_LOADER = "$(TEST_HOST)";
				CODE_SIGN_STYLE = Automatic;
				CURRENT_PROJECT_VERSION = 1;
				DEVELOPMENT_TEAM = C2QR6HQR3P;
				GENERATE_INFOPLIST_FILE = YES;
				MARKETING_VERSION = 1.0;
				PRODUCT_BUNDLE_IDENTIFIER = ru.yandex.practicum.ImageFeedTest;
				PRODUCT_NAME = "$(TARGET_NAME)";
				SWIFT_EMIT_LOC_STRINGS = NO;
				SWIFT_VERSION = 5.0;
				TARGETED_DEVICE_FAMILY = "1,2";
				TEST_HOST = "$(BUILT_PRODUCTS_DIR)/ImageFeed.app/$(BUNDLE_EXECUTABLE_FOLDER_PATH)/ImageFeed";
			};
			name = Debug;
		};
		47A0B69A2D7FA1C6009D908A /* Release */ = {
			isa = XCBuildConfiguration;
			buildSettings = {
				BUNDLE_LOADER = "$(TEST_HOST)";
				CODE_SIGN_STYLE = Automatic;
				CURRENT_PROJECT_VERSION = 1;
				DEVELOPMENT_TEAM = C2QR6HQR3P;
				GENERATE_INFOPLIST_FILE = YES;
				MARKETING_VERSION = 1.0;
				PRODUCT_BUNDLE_IDENTIFIER = ru.yandex.practicum.ImageFeedTest;
				PRODUCT_NAME = "$(TARGET_NAME)";
				SWIFT_EMIT_LOC_STRINGS = NO;
				SWIFT_VERSION = 5.0;
				TARGETED_DEVICE_FAMILY = "1,2";
				TEST_HOST = "$(BUILT_PRODUCTS_DIR)/ImageFeed.app/$(BUNDLE_EXECUTABLE_FOLDER_PATH)/ImageFeed";
			};
			name = Release;
		};
/* End XCBuildConfiguration section */

/* Begin XCConfigurationList section */
		473503572D691EF000D0E86F /* Build configuration list for PBXNativeTarget "ImageFeedTests" */ = {
			isa = XCConfigurationList;
			buildConfigurations = (
				473503552D691EF000D0E86F /* Debug */,
				473503562D691EF000D0E86F /* Release */,
			);
			defaultConfigurationIsVisible = 0;
			defaultConfigurationName = Release;
		};
		475DC0552CA1D18600D4F59F /* Build configuration list for PBXProject "ImageFeed" */ = {
			isa = XCConfigurationList;
			buildConfigurations = (
				475DC06C2CA1D18A00D4F59F /* Debug */,
				475DC06D2CA1D18A00D4F59F /* Release */,
			);
			defaultConfigurationIsVisible = 0;
			defaultConfigurationName = Release;
		};
		475DC06E2CA1D18A00D4F59F /* Build configuration list for PBXNativeTarget "ImageFeed" */ = {
			isa = XCConfigurationList;
			buildConfigurations = (
				475DC06F2CA1D18A00D4F59F /* Debug */,
				475DC0702CA1D18A00D4F59F /* Release */,
			);
			defaultConfigurationIsVisible = 0;
			defaultConfigurationName = Release;
		};
		478D4E042D89A71800EFFCDF /* Build configuration list for PBXNativeTarget "ImageFeedUITests" */ = {
			isa = XCConfigurationList;
			buildConfigurations = (
				478D4E022D89A71800EFFCDF /* Debug */,
				478D4E032D89A71800EFFCDF /* Release */,
			);
			defaultConfigurationIsVisible = 0;
			defaultConfigurationName = Release;
		};
		47A0B69B2D7FA1C6009D908A /* Build configuration list for PBXNativeTarget "ImageFeedTest" */ = {
			isa = XCConfigurationList;
			buildConfigurations = (
				47A0B6992D7FA1C6009D908A /* Debug */,
				47A0B69A2D7FA1C6009D908A /* Release */,
			);
			defaultConfigurationIsVisible = 0;
			defaultConfigurationName = Release;
		};
/* End XCConfigurationList section */

/* Begin XCRemoteSwiftPackageReference section */
		4721B0582D62889000B294FD /* XCRemoteSwiftPackageReference "Kingfisher" */ = {
			isa = XCRemoteSwiftPackageReference;
			repositoryURL = "https://github.com/onevcat/Kingfisher";
			requirement = {
				kind = upToNextMajorVersion;
				minimumVersion = 7.0.0;
			};
		};
		47A28FC12D4742B6007A7BE3 /* XCRemoteSwiftPackageReference "ProgressHUD" */ = {
			isa = XCRemoteSwiftPackageReference;
			repositoryURL = "https://github.com/relatedcode/ProgressHUD";
			requirement = {
				kind = exactVersion;
				version = 13.8.6;
			};
		};
		47F58B062D63D410006E474D /* XCRemoteSwiftPackageReference "SwiftKeychainWrapper" */ = {
			isa = XCRemoteSwiftPackageReference;
			repositoryURL = "https://github.com/jrendel/SwiftKeychainWrapper";
			requirement = {
				kind = upToNextMajorVersion;
				minimumVersion = 4.0.0;
			};
		};
/* End XCRemoteSwiftPackageReference section */

/* Begin XCSwiftPackageProductDependency section */
		4721B0592D62889000B294FD /* Kingfisher */ = {
			isa = XCSwiftPackageProductDependency;
			package = 4721B0582D62889000B294FD /* XCRemoteSwiftPackageReference "Kingfisher" */;
			productName = Kingfisher;
		};
		47A28FC22D4742B6007A7BE3 /* ProgressHUD */ = {
			isa = XCSwiftPackageProductDependency;
			package = 47A28FC12D4742B6007A7BE3 /* XCRemoteSwiftPackageReference "ProgressHUD" */;
			productName = ProgressHUD;
		};
		47F58B072D63D410006E474D /* SwiftKeychainWrapper */ = {
			isa = XCSwiftPackageProductDependency;
			package = 47F58B062D63D410006E474D /* XCRemoteSwiftPackageReference "SwiftKeychainWrapper" */;
			productName = SwiftKeychainWrapper;
		};
/* End XCSwiftPackageProductDependency section */
	};
	rootObject = 475DC0522CA1D18600D4F59F /* Project object */;
}
